{
  "version": 4,
  "terraform_version": "1.9.0",
  "serial": 13,
  "lineage": "7e15225c-fe7d-d475-1164-7fa2105d3aee",
  "outputs": {
    "lambda_function_name": {
      "value": "cara011_imggen_lambda_function",
      "type": "string"
    },
    "lambda_url": {
      "value": "https://6fw2gamxbehloeodwtrb7gttlu0oskgf.lambda-url.eu-west-1.on.aws/",
      "type": "string"
    },
    "sqs_queue_name": {
      "value": "cara011-titanv1-imggen-queue",
      "type": "string"
    }
  },
  "resources": [
    {
      "mode": "data",
      "type": "archive_file",
      "name": "lambda_zip",
      "provider": "provider[\"registry.terraform.io/hashicorp/archive\"]",
      "instances": [
        {
          "schema_version": 0,
          "attributes": {
            "exclude_symlink_directories": null,
            "excludes": null,
            "id": "1827f30f8e496f5d48d8a014e9afa27aa6e7db2a",
            "output_base64sha256": "FXzfzMpQigGUCsP2LkFDG4O5q/dQ86Bgw0MQWR1Qe6U=",
            "output_base64sha512": "GoDallwlSlIL67XRpM1aPflMVahXlkoqB9E4gZp6Z1JUN5FZDP+yObP4pR5Vvo9OvLtdsEQ6aY2+yBsgkeO73g==",
            "output_file_mode": null,
            "output_md5": "fc3301b4df04a1010514aaf3b3c19b55",
            "output_path": "./lambda-function-payload.zip",
            "output_sha": "1827f30f8e496f5d48d8a014e9afa27aa6e7db2a",
            "output_sha256": "157cdfccca508a01940ac3f62e41431b83b9abf750f3a060c34310591d507ba5",
            "output_sha512": "1a80da965c254a520bebb5d1a4cd5a3df94c55a857964a2a07d138819a7a6752543791590cffb239b3f8a51e55be8f4ebcbb5db0443a698dbec81b2091e3bbde",
            "output_size": 973,
            "source": [],
            "source_content": null,
            "source_content_filename": null,
            "source_dir": null,
            "source_file": "./../sam-app/image_gen/app.py",
            "type": "zip"
          },
          "sensitive_attributes": []
        }
      ]
    },
    {
      "mode": "managed",
      "type": "aws_iam_role",
      "name": "lambda_exec_role",
      "provider": "provider[\"registry.terraform.io/hashicorp/aws\"]",
      "instances": [
        {
          "schema_version": 0,
          "attributes": {
            "arn": "arn:aws:iam::244530008913:role/cara011-lambda-exec-role",
            "assume_role_policy": "{\"Statement\":[{\"Action\":\"sts:AssumeRole\",\"Effect\":\"Allow\",\"Principal\":{\"Service\":\"lambda.amazonaws.com\"}}],\"Version\":\"2012-10-17\"}",
            "create_date": "2024-11-16T16:42:13Z",
            "description": "",
            "force_detach_policies": false,
            "id": "cara011-lambda-exec-role",
            "inline_policy": [],
            "managed_policy_arns": [
              "arn:aws:iam::aws:policy/service-role/AWSLambdaBasicExecutionRole"
            ],
            "max_session_duration": 3600,
            "name": "cara011-lambda-exec-role",
            "name_prefix": "",
            "path": "/",
            "permissions_boundary": "",
            "tags": {},
            "tags_all": {},
            "unique_id": "AROATR3Y72NIQRFARQIZ2"
          },
          "sensitive_attributes": [],
          "private": "bnVsbA=="
        }
      ]
    },
    {
      "mode": "managed",
      "type": "aws_iam_role_policy_attachment",
      "name": "lambda_basic_execution",
      "provider": "provider[\"registry.terraform.io/hashicorp/aws\"]",
      "instances": [
        {
          "schema_version": 0,
          "attributes": {
            "id": "cara011-lambda-exec-role-20241116164214136600000001",
            "policy_arn": "arn:aws:iam::aws:policy/service-role/AWSLambdaBasicExecutionRole",
            "role": "cara011-lambda-exec-role"
          },
          "sensitive_attributes": [],
          "private": "bnVsbA==",
          "dependencies": [
            "aws_iam_role.lambda_exec_role"
          ]
        }
      ]
    },
    {
      "mode": "managed",
      "type": "aws_lambda_function",
      "name": "imggen_lambda",
      "provider": "provider[\"registry.terraform.io/hashicorp/aws\"]",
      "instances": [
        {
          "schema_version": 0,
          "attributes": {
            "architectures": [
              "x86_64"
            ],
            "arn": "arn:aws:lambda:eu-west-1:244530008913:function:cara011_imggen_lambda_function",
            "code_sha256": "FXzfzMpQigGUCsP2LkFDG4O5q/dQ86Bgw0MQWR1Qe6U=",
            "code_signing_config_arn": "",
            "dead_letter_config": [],
            "description": "",
            "environment": [
              {
                "variables": {
                  "LOG_LEVEL": "DEBUG",
                  "MODEL_NAME": "titan-v1",
                  "SQS_QUEUE": "cara011-titanv1-imggen-queue"
                }
              }
            ],
            "ephemeral_storage": [
              {
                "size": 512
              }
            ],
            "file_system_config": [],
            "filename": "lambda-function-payload.zip",
            "function_name": "cara011_imggen_lambda_function",
            "handler": "imggen.lambda_handler",
            "id": "cara011_imggen_lambda_function",
            "image_config": [],
            "image_uri": "",
            "invoke_arn": "arn:aws:apigateway:eu-west-1:lambda:path/2015-03-31/functions/arn:aws:lambda:eu-west-1:244530008913:function:cara011_imggen_lambda_function/invocations",
            "kms_key_arn": "",
            "last_modified": "2024-11-16T18:08:29.806+0000",
            "layers": null,
            "logging_config": [
              {
                "application_log_level": "",
                "log_format": "Text",
                "log_group": "/aws/lambda/cara011_imggen_lambda_function",
                "system_log_level": ""
              }
            ],
            "memory_size": 128,
            "package_type": "Zip",
            "publish": false,
            "qualified_arn": "arn:aws:lambda:eu-west-1:244530008913:function:cara011_imggen_lambda_function:$LATEST",
            "qualified_invoke_arn": "arn:aws:apigateway:eu-west-1:lambda:path/2015-03-31/functions/arn:aws:lambda:eu-west-1:244530008913:function:cara011_imggen_lambda_function:$LATEST/invocations",
            "replace_security_groups_on_destroy": null,
            "replacement_security_group_ids": null,
            "reserved_concurrent_executions": -1,
            "role": "arn:aws:iam::244530008913:role/cara011-lambda-exec-role",
            "runtime": "python3.12",
            "s3_bucket": null,
            "s3_key": null,
            "s3_object_version": null,
            "signing_job_arn": "",
            "signing_profile_version_arn": "",
            "skip_destroy": false,
            "snap_start": [],
            "source_code_hash": "",
            "source_code_size": 973,
            "tags": null,
            "tags_all": {},
            "timeout": 3,
            "timeouts": null,
            "tracing_config": [
              {
                "mode": "PassThrough"
              }
            ],
            "version": "$LATEST",
            "vpc_config": []
          },
          "sensitive_attributes": [],
          "private": "eyJlMmJmYjczMC1lY2FhLTExZTYtOGY4OC0zNDM2M2JjN2M0YzAiOnsiY3JlYXRlIjo2MDAwMDAwMDAwMDAsImRlbGV0ZSI6NjAwMDAwMDAwMDAwLCJ1cGRhdGUiOjYwMDAwMDAwMDAwMH19",
          "dependencies": [
            "aws_iam_role.lambda_exec_role",
            "aws_sqs_queue.imggen_que"
          ]
        }
      ]
    },
    {
      "mode": "managed",
      "type": "aws_lambda_function_url",
      "name": "imggen_lambda_url",
      "provider": "provider[\"registry.terraform.io/hashicorp/aws\"]",
      "instances": [
        {
          "schema_version": 0,
          "attributes": {
            "authorization_type": "NONE",
            "cors": [],
            "function_arn": "arn:aws:lambda:eu-west-1:244530008913:function:cara011_imggen_lambda_function",
            "function_name": "cara011_imggen_lambda_function",
            "function_url": "https://6fw2gamxbehloeodwtrb7gttlu0oskgf.lambda-url.eu-west-1.on.aws/",
            "id": "cara011_imggen_lambda_function",
            "invoke_mode": "BUFFERED",
            "qualifier": "",
            "timeouts": null,
            "url_id": "6fw2gamxbehloeodwtrb7gttlu0oskgf"
          },
          "sensitive_attributes": [],
          "private": "eyJlMmJmYjczMC1lY2FhLTExZTYtOGY4OC0zNDM2M2JjN2M0YzAiOnsiY3JlYXRlIjo2MDAwMDAwMDAwMDB9fQ==",
          "dependencies": [
            "aws_iam_role.lambda_exec_role",
            "aws_lambda_function.imggen_lambda",
            "aws_sqs_queue.imggen_que"
          ]
        }
      ]
    },
    {
      "mode": "managed",
      "type": "aws_lambda_permission",
      "name": "allow_lambda_url",
      "provider": "provider[\"registry.terraform.io/hashicorp/aws\"]",
      "instances": [
        {
          "schema_version": 0,
          "attributes": {
            "action": "lambda:InvokeFunctionUrl",
            "event_source_token": "",
            "function_name": "cara011_imggen_lambda_function",
            "function_url_auth_type": "NONE",
            "id": "AllowLambdaURLInvoke",
            "principal": "*",
            "principal_org_id": "",
            "qualifier": "",
            "source_account": "",
            "source_arn": null,
            "statement_id": "AllowLambdaURLInvoke",
            "statement_id_prefix": ""
          },
          "sensitive_attributes": [],
          "private": "bnVsbA==",
          "dependencies": [
            "aws_iam_role.lambda_exec_role",
            "aws_lambda_function.imggen_lambda",
            "aws_lambda_function_url.imggen_lambda_url",
            "aws_sqs_queue.imggen_que"
          ]
        }
      ]
    },
    {
      "mode": "managed",
      "type": "aws_sqs_queue",
      "name": "imggen_que",
      "provider": "provider[\"registry.terraform.io/hashicorp/aws\"]",
      "instances": [
        {
          "schema_version": 0,
          "attributes": {
            "arn": "arn:aws:sqs:eu-west-1:244530008913:cara011-titanv1-imggen-queue",
            "content_based_deduplication": false,
            "deduplication_scope": "",
            "delay_seconds": 0,
            "fifo_queue": false,
            "fifo_throughput_limit": "",
            "id": "https://sqs.eu-west-1.amazonaws.com/244530008913/cara011-titanv1-imggen-queue",
            "kms_data_key_reuse_period_seconds": 300,
            "kms_master_key_id": "",
            "max_message_size": 262144,
            "message_retention_seconds": 345600,
            "name": "cara011-titanv1-imggen-queue",
            "name_prefix": "",
            "policy": "",
            "receive_wait_time_seconds": 0,
            "redrive_allow_policy": "",
            "redrive_policy": "",
            "sqs_managed_sse_enabled": true,
            "tags": {},
            "tags_all": {},
            "url": "https://sqs.eu-west-1.amazonaws.com/244530008913/cara011-titanv1-imggen-queue",
            "visibility_timeout_seconds": 30
          },
          "sensitive_attributes": [],
          "private": "bnVsbA=="
        }
      ]
    }
  ],
  "check_results": null
}
